{
  "name": "workspace",
  "version": "1.0.0",
  "lockfileVersion": 3,
  "requires": true,
  "packages": {
    "": {
      "name": "workspace",
      "version": "1.0.0",
      "license": "ISC",
      "devDependencies": {
        "@abaplint/cli": "^2.120.45"
      }
    },
    "node_modules/@abaplint/cli": {
      "version": "2.120.45",
      "resolved": "https://registry.npmjs.org/@abaplint/cli/-/cli-2.120.45.tgz",
      "integrity": "sha512-MDvWTzLKORiaRb4uX74YRFZwpPKaalRelfj7iHFQ41MZeayJYWrfeqixxeoY44VapxeWM3XzCT4ouv9vjjgDFQ==",
      "dev": true,
      "license": "MIT",
      "bin": {
        "abaplint": "abaplint"
      },
      "engines": {
        "node": ">=22.0.0"
      },
      "funding": {
        "url": "https://github.com/sponsors/larshp"
      }
    }
  }
}
